// !$*UTF8*$!
{
	archiveVersion = 1;
	classes = {
	};
	objectVersion = 46;
	objects = {

/* Begin PBXBuildFile section */
		918A7ABD1D12733000767C3E /* main.m in Sources */ = {isa = PBXBuildFile; fileRef = 918A7ABC1D12733000767C3E /* main.m */; };
		918A7AC01D12733000767C3E /* AppDelegate.m in Sources */ = {isa = PBXBuildFile; fileRef = 918A7ABF1D12733000767C3E /* AppDelegate.m */; };
		918A7AC31D12733000767C3E /* ViewController.m in Sources */ = {isa = PBXBuildFile; fileRef = 918A7AC21D12733000767C3E /* ViewController.m */; };
		918A7AC61D12733000767C3E /* Main.storyboard in Resources */ = {isa = PBXBuildFile; fileRef = 918A7AC41D12733000767C3E /* Main.storyboard */; };
		918A7AC81D12733000767C3E /* Assets.xcassets in Resources */ = {isa = PBXBuildFile; fileRef = 918A7AC71D12733000767C3E /* Assets.xcassets */; };
		918A7ACB1D12733000767C3E /* LaunchScreen.storyboard in Resources */ = {isa = PBXBuildFile; fileRef = 918A7AC91D12733000767C3E /* LaunchScreen.storyboard */; };
		918A7ADB1D1273F900767C3E /* NSPrimary+CrashHack.m in Sources */ = {isa = PBXBuildFile; fileRef = 918A7ADA1D1273F900767C3E /* NSPrimary+CrashHack.m */; };
/* End PBXBuildFile section */

/* Begin PBXFileReference section */
		918A7AB81D12732F00767C3E /* crashhack.app */ = {isa = PBXFileReference; explicitFileType = wrapper.application; includeInIndex = 0; path = crashhack.app; sourceTree = BUILT_PRODUCTS_DIR; };
		918A7ABC1D12733000767C3E /* main.m */ = {isa = PBXFileReference; lastKnownFileType = sourcecode.c.objc; path = main.m; sourceTree = "<group>"; };
		918A7ABE1D12733000767C3E /* AppDelegate.h */ = {isa = PBXFileReference; lastKnownFileType = sourcecode.c.h; path = AppDelegate.h; sourceTree = "<group>"; };
		918A7ABF1D12733000767C3E /* AppDelegate.m */ = {isa = PBXFileReference; lastKnownFileType = sourcecode.c.objc; path = AppDelegate.m; sourceTree = "<group>"; };
		918A7AC11D12733000767C3E /* ViewController.h */ = {isa = PBXFileReference; lastKnownFileType = sourcecode.c.h; path = ViewController.h; sourceTree = "<group>"; };
		918A7AC21D12733000767C3E /* ViewController.m */ = {isa = PBXFileReference; lastKnownFileType = sourcecode.c.objc; path = ViewController.m; sourceTree = "<group>"; };
		918A7AC51D12733000767C3E /* Base */ = {isa = PBXFileReference; lastKnownFileType = file.storyboard; name = Base; path = Base.lproj/Main.storyboard; sourceTree = "<group>"; };
		918A7AC71D12733000767C3E /* Assets.xcassets */ = {isa = PBXFileReference; lastKnownFileType = folder.assetcatalog; path = Assets.xcassets; sourceTree = "<group>"; };
		918A7ACA1D12733000767C3E /* Base */ = {isa = PBXFileReference; lastKnownFileType = file.storyboard; name = Base; path = Base.lproj/LaunchScreen.storyboard; sourceTree = "<group>"; };
		918A7ACC1D12733000767C3E /* Info.plist */ = {isa = PBXFileReference; lastKnownFileType = text.plist.xml; path = Info.plist; sourceTree = "<group>"; };
		918A7ADA1D1273F900767C3E /* NSPrimary+CrashHack.m */ = {isa = PBXFileReference; fileEncoding = 4; lastKnownFileType = sourcecode.c.objc; path = "NSPrimary+CrashHack.m"; sourceTree = "<group>"; };
		918A7AED1D12885700767C3E /* NSPrimary+CrashHack.h */ = {isa = PBXFileReference; lastKnownFileType = sourcecode.c.h; path = "NSPrimary+CrashHack.h"; sourceTree = "<group>"; };
/* End PBXFileReference section */

/* Begin PBXFrameworksBuildPhase section */
		918A7AB51D12732F00767C3E /* Frameworks */ = {
			isa = PBXFrameworksBuildPhase;
			buildActionMask = 2147483647;
			files = (
			);
			runOnlyForDeploymentPostprocessing = 0;
		};
/* End PBXFrameworksBuildPhase section */

/* Begin PBXGroup section */
		918A7AAF1D12732F00767C3E = {
			isa = PBXGroup;
			children = (
				918A7AD81D1273F900767C3E /* CrashHackSDK */,
				918A7ABA1D12732F00767C3E /* crashhack */,
				918A7AB91D12732F00767C3E /* Products */,
			);
			sourceTree = "<group>";
		};
		918A7AB91D12732F00767C3E /* Products */ = {
			isa = PBXGroup;
			children = (
				918A7AB81D12732F00767C3E /* crashhack.app */,
			);
			name = Products;
			sourceTree = "<group>";
		};
		918A7ABA1D12732F00767C3E /* crashhack */ = {
			isa = PBXGroup;
			children = (
				918A7ABE1D12733000767C3E /* AppDelegate.h */,
				918A7ABF1D12733000767C3E /* AppDelegate.m */,
				918A7AC11D12733000767C3E /* ViewController.h */,
				918A7AC21D12733000767C3E /* ViewController.m */,
				918A7AC41D12733000767C3E /* Main.storyboard */,
				918A7AC71D12733000767C3E /* Assets.xcassets */,
				918A7AC91D12733000767C3E /* LaunchScreen.storyboard */,
				918A7ACC1D12733000767C3E /* Info.plist */,
				918A7ABB1D12733000767C3E /* Supporting Files */,
			);
			path = crashhack;
			sourceTree = "<group>";
		};
		918A7ABB1D12733000767C3E /* Supporting Files */ = {
			isa = PBXGroup;
			children = (
				918A7ABC1D12733000767C3E /* main.m */,
			);
			name = "Supporting Files";
			sourceTree = "<group>";
		};
		918A7AD81D1273F900767C3E /* CrashHackSDK */ = {
			isa = PBXGroup;
			children = (
				918A7AED1D12885700767C3E /* NSPrimary+CrashHack.h */,
				918A7ADA1D1273F900767C3E /* NSPrimary+CrashHack.m */,
			);
			path = CrashHackSDK;
			sourceTree = "<group>";
		};
/* End PBXGroup section */

/* Begin PBXNativeTarget section */
		918A7AB71D12732F00767C3E /* crashhack */ = {
			isa = PBXNativeTarget;
			buildConfigurationList = 918A7ACF1D12733000767C3E /* Build configuration list for PBXNativeTarget "crashhack" */;
			buildPhases = (
				918A7AB41D12732F00767C3E /* Sources */,
				918A7AB51D12732F00767C3E /* Frameworks */,
				918A7AB61D12732F00767C3E /* Resources */,
			);
			buildRules = (
			);
			dependencies = (
			);
			name = crashhack;
			productName = crashhack;
			productReference = 918A7AB81D12732F00767C3E /* crashhack.app */;
			productType = "com.apple.product-type.application";
		};
/* End PBXNativeTarget section */

/* Begin PBXProject section */
		918A7AB01D12732F00767C3E /* Project object */ = {
			isa = PBXProject;
			attributes = {
				LastUpgradeCheck = 0730;
				ORGANIZATIONNAME = "董希成";
				TargetAttributes = {
					918A7AB71D12732F00767C3E = {
						CreatedOnToolsVersion = 7.3.1;
					};
				};
			};
			buildConfigurationList = 918A7AB31D12732F00767C3E /* Build configuration list for PBXProject "crashhack" */;
			compatibilityVersion = "Xcode 3.2";
			developmentRegion = English;
			hasScannedForEncodings = 0;
			knownRegions = (
				en,
				Base,
			);
			mainGroup = 918A7AAF1D12732F00767C3E;
			productRefGroup = 918A7AB91D12732F00767C3E /* Products */;
			projectDirPath = "";
			projectRoot = "";
			targets = (
				918A7AB71D12732F00767C3E /* crashhack */,
			);
		};
/* End PBXProject section */

/* Begin PBXResourcesBuildPhase section */
		918A7AB61D12732F00767C3E /* Resources */ = {
			isa = PBXResourcesBuildPhase;
			buildActionMask = 2147483647;
			files = (
				918A7ACB1D12733000767C3E /* LaunchScreen.storyboard in Resources */,
				918A7AC81D12733000767C3E /* Assets.xcassets in Resources */,
				918A7AC61D12733000767C3E /* Main.storyboard in Resources */,
			);
			runOnlyForDeploymentPostprocessing = 0;
		};
/* End PBXResourcesBuildPhase section */

/* Begin PBXSourcesBuildPhase section */
		918A7AB41D12732F00767C3E /* Sources */ = {
			isa = PBXSourcesBuildPhase;
			buildActionMask = 2147483647;
			files = (
				918A7AC31D12733000767C3E /* ViewController.m in Sources */,
				918A7AC01D12733000767C3E /* AppDelegate.m in Sources */,
				918A7ABD1D12733000767C3E /* main.m in Sources */,
				918A7ADB1D1273F900767C3E /* NSPrimary+CrashHack.m in Sources */,
			);
			runOnlyForDeploymentPostprocessing = 0;
		};
/* End PBXSourcesBuildPhase section */

/* Begin PBXVariantGroup section */
		918A7AC41D12733000767C3E /* Main.storyboard */ = {
			isa = PBXVariantGroup;
			children = (
				918A7AC51D12733000767C3E /* Base */,
			);
			name = Main.storyboard;
			sourceTree = "<group>";
		};
		918A7AC91D12733000767C3E /* LaunchScreen.storyboard */ = {
			isa = PBXVariantGroup;
			children = (
				918A7ACA1D12733000767C3E /* Base */,
			);
			name = LaunchScreen.storyboard;
			sourceTree = "<group>";
		};
/* End PBXVariantGroup section */

/* Begin XCBuildConfiguration section */
		918A7ACD1D12733000767C3E /* Debug */ = {
			isa = XCBuildConfiguration;
			buildSettings = {
				ALWAYS_SEARCH_USER_PATHS = NO;
				CLANG_ANALYZER_NONNULL = YES;
				CLANG_CXX_LANGUAGE_STANDARD = "gnu++0x";
				CLANG_CXX_LIBRARY = "libc++";
				CLANG_ENABLE_MODULES = YES;
				CLANG_ENABLE_OBJC_ARC = YES;
				CLANG_WARN_BOOL_CONVERSION = YES;
				CLANG_WARN_CONSTANT_CONVERSION = YES;
				CLANG_WARN_DIRECT_OBJC_ISA_USAGE = YES_ERROR;
				CLANG_WARN_EMPTY_BODY = YES;
				CLANG_WARN_ENUM_CONVERSION = YES;
				CLANG_WARN_INT_CONVERSION = YES;
				CLANG_WARN_OBJC_ROOT_CLASS = YES_ERROR;
				CLANG_WARN_UNREACHABLE_CODE = YES;
				CLANG_WARN__DUPLICATE_METHOD_MATCH = YES;
				"CODE_SIGN_IDENTITY[sdk=iphoneos*]" = "iPhone Developer";
				COPY_PHASE_STRIP = NO;
				DEBUG_INFORMATION_FORMAT = dwarf;
				ENABLE_STRICT_OBJC_MSGSEND = YES;
				ENABLE_TESTABILITY = YES;
				GCC_C_LANGUAGE_STANDARD = gnu99;
				GCC_DYNAMIC_NO_PIC = NO;
				GCC_NO_COMMON_BLOCKS = YES;
				GCC_OPTIMIZATION_LEVEL = 0;
				GCC_PREPROCESSOR_DEFINITIONS = (
					"DEBUG=1",
					"$(inherited)",
				);
				GCC_WARN_64_TO_32_BIT_CONVERSION = YES;
				GCC_WARN_ABOUT_RETURN_TYPE = YES_ERROR;
				GCC_WARN_UNDECLARED_SELECTOR = YES;
				GCC_WARN_UNINITIALIZED_AUTOS = YES_AGGRESSIVE;
				GCC_WARN_UNUSED_FUNCTION = YES;
				GCC_WARN_UNUSED_VARIABLE = YES;
				IPHONEOS_DEPLOYMENT_TARGET = 9.3;
				MTL_ENABLE_DEBUG_INFO = YES;
				ONLY_ACTIVE_ARCH = YES;
				SDKROOT = iphoneos;
			};
			name = Debug;
		};
		918A7ACE1D12733000767C3E /* Release */ = {
			isa = XCBuildConfiguration;
			buildSettings = {
				ALWAYS_SEARCH_USER_PATHS = NO;
				CLANG_ANALYZER_NONNULL = YES;
				CLANG_CXX_LANGUAGE_STANDARD = "gnu++0x";
				CLANG_CXX_LIBRARY = "libc++";
				CLANG_ENABLE_MODULES = YES;
				CLANG_ENABLE_OBJC_ARC = YES;
				CLANG_WARN_BOOL_CONVERSION = YES;
				CLANG_WARN_CONSTANT_CONVERSION = YES;
				CLANG_WARN_DIRECT_OBJC_ISA_USAGE = YES_ERROR;
				CLANG_WARN_EMPTY_BODY = YES;
				CLANG_WARN_ENUM_CONVERSION = YES;
				CLANG_WARN_INT_CONVERSION = YES;
				CLANG_WARN_OBJC_ROOT_CLASS = YES_ERROR;
				CLANG_WARN_UNREACHABLE_CODE = YES;
				CLANG_WARN__DUPLICATE_METHOD_MATCH = YES;
				"CODE_SIGN_IDENTITY[sdk=iphoneos*]" = "iPhone Developer";
				COPY_PHASE_STRIP = NO;
				DEBUG_INFORMATION_FORMAT = "dwarf-with-dsym";
				ENABLE_NS_ASSERTIONS = NO;
				ENABLE_STRICT_OBJC_MSGSEND = YES;
				GCC_C_LANGUAGE_STANDARD = gnu99;
				GCC_NO_COMMON_BLOCKS = YES;
				GCC_WARN_64_TO_32_BIT_CONVERSION = YES;
				GCC_WARN_ABOUT_RETURN_TYPE = YES_ERROR;
				GCC_WARN_UNDECLARED_SELECTOR = YES;
				GCC_WARN_UNINITIALIZED_AUTOS = YES_AGGRESSIVE;
				GCC_WARN_UNUSED_FUNCTION = YES;
				GCC_WARN_UNUSED_VARIABLE = YES;
				IPHONEOS_DEPLOYMENT_TARGET = 9.3;
				MTL_ENABLE_DEBUG_INFO = NO;
				SDKROOT = iphoneos;
				VALIDATE_PRODUCT = YES;
			};
			name = Release;
		};
		918A7AD01D12733000767C3E /* Debug */ = {
			isa = XCBuildConfiguration;
			buildSettings = {
				ASSETCATALOG_COMPILER_APPICON_NAME = AppIcon;
				INFOPLIST_FILE = crashhack/Info.plist;
				LD_RUNPATH_SEARCH_PATHS = "$(inherited) @executable_path/Frameworks";
				PRODUCT_BUNDLE_IDENTIFIER = com.dongxicheng.crashhack;
				PRODUCT_NAME = "$(TARGET_NAME)";
			};
			name = Debug;
		};
		918A7AD11D12733000767C3E /* Release */ = {
			isa = XCBuildConfiguration;
			buildSettings = {
				ASSETCATALOG_COMPILER_APPICON_NAME = AppIcon;
				INFOPLIST_FILE = crashhack/Info.plist;
				LD_RUNPATH_SEARCH_PATHS = "$(inherited) @executable_path/Frameworks";
				PRODUCT_BUNDLE_IDENTIFIER = com.dongxicheng.crashhack;
				PRODUCT_NAME = "$(TARGET_NAME)";
			};
			name = Release;
		};
/* End XCBuildConfiguration section */

/* Begin XCConfigurationList section */
		918A7AB31D12732F00767C3E /* Build configuration list for PBXProject "crashhack" */ = {
			isa = XCConfigurationList;
			buildConfigurations = (
				918A7ACD1D12733000767C3E /* Debug */,
				918A7ACE1D12733000767C3E /* Release */,
			);
			defaultConfigurationIsVisible = 0;
			defaultConfigurationName = Release;
		};
		918A7ACF1D12733000767C3E /* Build configuration list for PBXNativeTarget "crashhack" */ = {
			isa = XCConfigurationList;
			buildConfigurations = (
				918A7AD01D12733000767C3E /* Debug */,
				918A7AD11D12733000767C3E /* Release */,
			);
			defaultConfigurationIsVisible = 0;
			defaultConfigurationName = Release;
		};
/* End XCConfigurationList section */
	};
	rootObject = 918A7AB01D12732F00767C3E /* Project object */;
}
